hash: e8ce83faae9ee98e4a04d58af30afdba9f413bff6084c28475bc591af790265a
updated: 2018-09-03T22:23:30.116213083-07:00
imports:
- name: github.com/client9/misspell
  version: c0b55c8239520f6b5aa15a0207ca8b28027ba49e
  subpackages:
  - cmd/misspell
- name: github.com/codeskyblue/go-uuid
  version: 952abbca900b023c1a80bc522ff4795db50d9d6c
- name: github.com/davecgh/go-spew
  version: d8f796af33cc11cb798c1aaeb27a4ebc5099927d
  subpackages:
  - spew
- name: github.com/eapache/go-resiliency
  version: ea41b0fad31007accc7f806884dcdf3da98b79ce
  subpackages:
  - breaker
- name: github.com/eapache/go-xerial-snappy
  version: 776d5712da21bc4762676d614db1d8a64f4238b0
- name: github.com/eapache/queue
  version: 093482f3f8ce946c05bcba64badd2c82369e084d
- name: github.com/golang/lint
  version: 06c8688daad7faa9da5a0c2f163a3d14aac986ca
  subpackages:
  - golint
- name: github.com/golang/protobuf
  version: b27b920f9e71b439b873b17bf99f56467623814a
  subpackages:
  - proto
  - protoc-gen-go
  - protoc-gen-go/descriptor
  - protoc-gen-go/generator
  - protoc-gen-go/generator/internal/remap
  - protoc-gen-go/grpc
  - protoc-gen-go/plugin
  - ptypes
  - ptypes/any
  - ptypes/duration
  - ptypes/timestamp
- name: github.com/golang/snappy
  version: 2e65f85255dbc3072edf28d6b5b8efc472979f5a
- name: github.com/kisielk/gotool
  version: 80517062f582ea3340cd4baf70e86d539ae7d84d
  subpackages:
  - internal/load
- name: github.com/opentracing/opentracing-go
  version: 1949ddbfd147afd4d964a9f00b24eb291e0e7c38
  subpackages:
  - ext
  - log
- name: github.com/pierrec/lz4
  version: ea731401f5c95a8ba30f15787e5e0fb77c60c66b
  subpackages:
  - internal/xxh32
- name: github.com/pkg/errors
  version: 645ef00459ed84a119197bfb8d8205042c6df63d
- name: github.com/rcrowley/go-metrics
  version: e2704e165165ec55d062f5919b4b29494e9fa790
- name: github.com/satori/go.uuid
  version: f58768cc1a7a7e77a3bd49e98cdd21419399b6a3
- name: github.com/Shopify/sarama
  version: 647feef69a1a7e0e23cccceeb786176bc4fcf5ea
- name: golang.org/x/lint
  version: 06c8688daad7faa9da5a0c2f163a3d14aac986ca
- name: golang.org/x/net
  version: 8a410e7b638dca158bf9e766925842f6651ff828
  subpackages:
  - context
  - http/httpguts
  - http2
  - http2/hpack
  - idna
  - internal/timeseries
  - trace
- name: golang.org/x/sys
  version: 2b024373dcd9800f0cae693839fac6ede8d64a8c
  subpackages:
  - unix
- name: golang.org/x/text
  version: 6e3c4e7365ddcc329f090f96e4348398f6310088
  subpackages:
  - secure/bidirule
  - transform
  - unicode/bidi
  - unicode/norm
- name: golang.org/x/tools
  version: 7ca132754999accbaa5c1735eda29e7ce0f3bf03
  subpackages:
  - cmd/goimports
  - go/ast/astutil
  - go/buildutil
  - go/gcexportdata
  - go/internal/cgo
  - go/internal/gcimporter
  - go/loader
  - go/types/typeutil
  - imports
  - internal/fastwalk
- name: google.golang.org/genproto
  version: 11092d34479b07829b72e10713b159248caf5dad
  subpackages:
  - googleapis/rpc/status
- name: google.golang.org/grpc
  version: ce4f3c8a89229d9db3e0c30d28a9f905435ad365
  subpackages:
  - balancer
  - balancer/base
  - balancer/roundrobin
  - codes
  - connectivity
  - credentials
  - encoding
  - encoding/proto
  - grpclog
  - internal
  - internal/backoff
  - internal/channelz
  - internal/envconfig
  - internal/grpcrand
  - internal/transport
  - keepalive
  - metadata
  - naming
  - peer
  - resolver
  - resolver/dns
  - resolver/passthrough
  - stats
  - status
  - tap
- name: honnef.co/go/tools
  version: 88497007e8588ea5b6baee991f74a1607e809487
  subpackages:
  - callgraph
  - callgraph/static
  - cmd/staticcheck
  - deprecated
  - functions
  - internal/sharedcheck
  - lint
  - lint/lintdsl
  - lint/lintutil
  - ssa
  - ssa/ssautil
  - staticcheck
  - staticcheck/vrp
  - version
testImports:
- name: github.com/pmezard/go-difflib
  version: 792786c7400a136282c1664665ae0a8db921c6c2
  subpackages:
  - difflib
- name: github.com/stretchr/testify
  version: f35b8ab0b5a2cef36673838d662e249dd9c94686
  subpackages:
  - assert
  - require
  - suite
